// !$*UTF8*$!
{
	archiveVersion = 1;
	classes = {
	};
	objectVersion = 50;
	objects = {

/* Begin PBXBuildFile section */
		6156EA932BDD3910F0DB85CF /* Pods_CoreStoreExample.framework in Frameworks */ = {isa = PBXBuildFile; fileRef = A06A1715A7793A005D6E562B /* Pods_CoreStoreExample.framework */; };
		8DDB4D9625B53D930082E7F8 /* AppDelegate.swift in Sources */ = {isa = PBXBuildFile; fileRef = 8DDB4D9525B53D930082E7F8 /* AppDelegate.swift */; };
		8DDB4D9825B53D930082E7F8 /* SceneDelegate.swift in Sources */ = {isa = PBXBuildFile; fileRef = 8DDB4D9725B53D930082E7F8 /* SceneDelegate.swift */; };
		8DDB4D9A25B53D930082E7F8 /* ViewController.swift in Sources */ = {isa = PBXBuildFile; fileRef = 8DDB4D9925B53D930082E7F8 /* ViewController.swift */; };
		8DDB4D9D25B53D930082E7F8 /* Main.storyboard in Resources */ = {isa = PBXBuildFile; fileRef = 8DDB4D9B25B53D930082E7F8 /* Main.storyboard */; };
		8DDB4DA025B53D930082E7F8 /* CoreStoreExample.xcdatamodeld in Sources */ = {isa = PBXBuildFile; fileRef = 8DDB4D9E25B53D930082E7F8 /* CoreStoreExample.xcdatamodeld */; };
		8DDB4DA225B53D960082E7F8 /* Assets.xcassets in Resources */ = {isa = PBXBuildFile; fileRef = 8DDB4DA125B53D960082E7F8 /* Assets.xcassets */; };
		8DDB4DA525B53D960082E7F8 /* LaunchScreen.storyboard in Resources */ = {isa = PBXBuildFile; fileRef = 8DDB4DA325B53D960082E7F8 /* LaunchScreen.storyboard */; };
/* End PBXBuildFile section */

/* Begin PBXFileReference section */
		14EA4902778DE1C3A530EE68 /* Pods-CoreStoreExample.debug.xcconfig */ = {isa = PBXFileReference; includeInIndex = 1; lastKnownFileType = text.xcconfig; name = "Pods-CoreStoreExample.debug.xcconfig"; path = "Target Support Files/Pods-CoreStoreExample/Pods-CoreStoreExample.debug.xcconfig"; sourceTree = "<group>"; };
		30255602AEE0BE36A517E045 /* Pods-CoreStoreExample.release.xcconfig */ = {isa = PBXFileReference; includeInIndex = 1; lastKnownFileType = text.xcconfig; name = "Pods-CoreStoreExample.release.xcconfig"; path = "Target Support Files/Pods-CoreStoreExample/Pods-CoreStoreExample.release.xcconfig"; sourceTree = "<group>"; };
		8DDB4D9225B53D930082E7F8 /* CoreStoreExample.app */ = {isa = PBXFileReference; explicitFileType = wrapper.application; includeInIndex = 0; path = CoreStoreExample.app; sourceTree = BUILT_PRODUCTS_DIR; };
		8DDB4D9525B53D930082E7F8 /* AppDelegate.swift */ = {isa = PBXFileReference; lastKnownFileType = sourcecode.swift; path = AppDelegate.swift; sourceTree = "<group>"; };
		8DDB4D9725B53D930082E7F8 /* SceneDelegate.swift */ = {isa = PBXFileReference; lastKnownFileType = sourcecode.swift; path = SceneDelegate.swift; sourceTree = "<group>"; };
		8DDB4D9925B53D930082E7F8 /* ViewController.swift */ = {isa = PBXFileReference; lastKnownFileType = sourcecode.swift; path = ViewController.swift; sourceTree = "<group>"; };
		8DDB4D9C25B53D930082E7F8 /* Base */ = {isa = PBXFileReference; lastKnownFileType = file.storyboard; name = Base; path = Base.lproj/Main.storyboard; sourceTree = "<group>"; };
		8DDB4D9F25B53D930082E7F8 /* CoreStoreExample.xcdatamodel */ = {isa = PBXFileReference; lastKnownFileType = wrapper.xcdatamodel; path = CoreStoreExample.xcdatamodel; sourceTree = "<group>"; };
		8DDB4DA125B53D960082E7F8 /* Assets.xcassets */ = {isa = PBXFileReference; lastKnownFileType = folder.assetcatalog; path = Assets.xcassets; sourceTree = "<group>"; };
		8DDB4DA425B53D960082E7F8 /* Base */ = {isa = PBXFileReference; lastKnownFileType = file.storyboard; name = Base; path = Base.lproj/LaunchScreen.storyboard; sourceTree = "<group>"; };
		8DDB4DA625B53D960082E7F8 /* Info.plist */ = {isa = PBXFileReference; lastKnownFileType = text.plist.xml; path = Info.plist; sourceTree = "<group>"; };
		A06A1715A7793A005D6E562B /* Pods_CoreStoreExample.framework */ = {isa = PBXFileReference; explicitFileType = wrapper.framework; includeInIndex = 0; path = Pods_CoreStoreExample.framework; sourceTree = BUILT_PRODUCTS_DIR; };
/* End PBXFileReference section */

/* Begin PBXFrameworksBuildPhase section */
		8DDB4D8F25B53D930082E7F8 /* Frameworks */ = {
			isa = PBXFrameworksBuildPhase;
			buildActionMask = 2147483647;
			files = (
				6156EA932BDD3910F0DB85CF /* Pods_CoreStoreExample.framework in Frameworks */,
			);
			runOnlyForDeploymentPostprocessing = 0;
		};
/* End PBXFrameworksBuildPhase section */

/* Begin PBXGroup section */
		3E40567D490A77FC29478ACA /* Pods */ = {
			isa = PBXGroup;
			children = (
				14EA4902778DE1C3A530EE68 /* Pods-CoreStoreExample.debug.xcconfig */,
				30255602AEE0BE36A517E045 /* Pods-CoreStoreExample.release.xcconfig */,
			);
			name = Pods;
			path = Pods;
			sourceTree = "<group>";
		};
		8DDB4D8925B53D930082E7F8 = {
			isa = PBXGroup;
			children = (
				8DDB4D9425B53D930082E7F8 /* CoreStoreExample */,
				8DDB4D9325B53D930082E7F8 /* Products */,
				3E40567D490A77FC29478ACA /* Pods */,
				C7D4C9965C574E927B9A1B45 /* Frameworks */,
			);
			sourceTree = "<group>";
		};
		8DDB4D9325B53D930082E7F8 /* Products */ = {
			isa = PBXGroup;
			children = (
				8DDB4D9225B53D930082E7F8 /* CoreStoreExample.app */,
			);
			name = Products;
			sourceTree = "<group>";
		};
		8DDB4D9425B53D930082E7F8 /* CoreStoreExample */ = {
			isa = PBXGroup;
			children = (
				8DDB4D9525B53D930082E7F8 /* AppDelegate.swift */,
				8DDB4D9725B53D930082E7F8 /* SceneDelegate.swift */,
				8DDB4D9925B53D930082E7F8 /* ViewController.swift */,
				8DDB4D9B25B53D930082E7F8 /* Main.storyboard */,
				8DDB4DA125B53D960082E7F8 /* Assets.xcassets */,
				8DDB4DA325B53D960082E7F8 /* LaunchScreen.storyboard */,
				8DDB4DA625B53D960082E7F8 /* Info.plist */,
				8DDB4D9E25B53D930082E7F8 /* CoreStoreExample.xcdatamodeld */,
			);
			path = CoreStoreExample;
			sourceTree = "<group>";
		};
		C7D4C9965C574E927B9A1B45 /* Frameworks */ = {
			isa = PBXGroup;
			children = (
				A06A1715A7793A005D6E562B /* Pods_CoreStoreExample.framework */,
			);
			name = Frameworks;
			sourceTree = "<group>";
		};
/* End PBXGroup section */

/* Begin PBXNativeTarget section */
		8DDB4D9125B53D930082E7F8 /* CoreStoreExample */ = {
			isa = PBXNativeTarget;
			buildConfigurationList = 8DDB4DA925B53D960082E7F8 /* Build configuration list for PBXNativeTarget "CoreStoreExample" */;
			buildPhases = (
				41C631342FDB78FD10818CB3 /* [CP] Check Pods Manifest.lock */,
				8DDB4D8E25B53D930082E7F8 /* Sources */,
				8DDB4D8F25B53D930082E7F8 /* Frameworks */,
				8DDB4D9025B53D930082E7F8 /* Resources */,
				96BA9961AA8935B7FEAD8CF4 /* [CP] Embed Pods Frameworks */,
			);
			buildRules = (
			);
			dependencies = (
			);
			name = CoreStoreExample;
			productName = CoreStoreExample;
			productReference = 8DDB4D9225B53D930082E7F8 /* CoreStoreExample.app */;
			productType = "com.apple.product-type.application";
		};
/* End PBXNativeTarget section */

/* Begin PBXProject section */
		8DDB4D8A25B53D930082E7F8 /* Project object */ = {
			isa = PBXProject;
			attributes = {
				LastSwiftUpdateCheck = 1200;
				LastUpgradeCheck = 1200;
				TargetAttributes = {
					8DDB4D9125B53D930082E7F8 = {
						CreatedOnToolsVersion = 12.0;
					};
				};
			};
			buildConfigurationList = 8DDB4D8D25B53D930082E7F8 /* Build configuration list for PBXProject "CoreStoreExample" */;
			compatibilityVersion = "Xcode 9.3";
			developmentRegion = en;
			hasScannedForEncodings = 0;
			knownRegions = (
				en,
				Base,
			);
			mainGroup = 8DDB4D8925B53D930082E7F8;
			productRefGroup = 8DDB4D9325B53D930082E7F8 /* Products */;
			projectDirPath = "";
			projectRoot = "";
			targets = (
				8DDB4D9125B53D930082E7F8 /* CoreStoreExample */,
			);
		};
/* End PBXProject section */

/* Begin PBXResourcesBuildPhase section */
		8DDB4D9025B53D930082E7F8 /* Resources */ = {
			isa = PBXResourcesBuildPhase;
			buildActionMask = 2147483647;
			files = (
				8DDB4DA525B53D960082E7F8 /* LaunchScreen.storyboard in Resources */,
				8DDB4DA225B53D960082E7F8 /* Assets.xcassets in Resources */,
				8DDB4D9D25B53D930082E7F8 /* Main.storyboard in Resources */,
			);
			runOnlyForDeploymentPostprocessing = 0;
		};
/* End PBXResourcesBuildPhase section */

/* Begin PBXShellScriptBuildPhase section */
		41C631342FDB78FD10818CB3 /* [CP] Check Pods Manifest.lock */ = {
			isa = PBXShellScriptBuildPhase;
			buildActionMask = 2147483647;
			files = (
			);
			inputFileListPaths = (
			);
			inputPaths = (
				"${PODS_PODFILE_DIR_PATH}/Podfile.lock",
				"${PODS_ROOT}/Manifest.lock",
			);
			name = "[CP] Check Pods Manifest.lock";
			outputFileListPaths = (
			);
			outputPaths = (
				"$(DERIVED_FILE_DIR)/Pods-CoreStoreExample-checkManifestLockResult.txt",
			);
			runOnlyForDeploymentPostprocessing = 0;
			shellPath = /bin/sh;
			shellScript = "diff \"${PODS_PODFILE_DIR_PATH}/Podfile.lock\" \"${PODS_ROOT}/Manifest.lock\" > /dev/null\nif [ $? != 0 ] ; then\n    # print error to STDERR\n    echo \"error: The sandbox is not in sync with the Podfile.lock. Run 'pod install' or update your CocoaPods installation.\" >&2\n    exit 1\nfi\n# This output is used by Xcode 'outputs' to avoid re-running this script phase.\necho \"SUCCESS\" > \"${SCRIPT_OUTPUT_FILE_0}\"\n";
			showEnvVarsInLog = 0;
		};
		96BA9961AA8935B7FEAD8CF4 /* [CP] Embed Pods Frameworks */ = {
			isa = PBXShellScriptBuildPhase;
			buildActionMask = 2147483647;
			files = (
			);
			inputFileListPaths = (
				"${PODS_ROOT}/Target Support Files/Pods-CoreStoreExample/Pods-CoreStoreExample-frameworks-${CONFIGURATION}-input-files.xcfilelist",
			);
			name = "[CP] Embed Pods Frameworks";
			outputFileListPaths = (
				"${PODS_ROOT}/Target Support Files/Pods-CoreStoreExample/Pods-CoreStoreExample-frameworks-${CONFIGURATION}-output-files.xcfilelist",
			);
			runOnlyForDeploymentPostprocessing = 0;
			shellPath = /bin/sh;
			shellScript = "\"${PODS_ROOT}/Target Support Files/Pods-CoreStoreExample/Pods-CoreStoreExample-frameworks.sh\"\n";
			showEnvVarsInLog = 0;
		};
/* End PBXShellScriptBuildPhase section */

/* Begin PBXSourcesBuildPhase section */
		8DDB4D8E25B53D930082E7F8 /* Sources */ = {
			isa = PBXSourcesBuildPhase;
			buildActionMask = 2147483647;
			files = (
				8DDB4D9A25B53D930082E7F8 /* ViewController.swift in Sources */,
				8DDB4D9625B53D930082E7F8 /* AppDelegate.swift in Sources */,
				8DDB4D9825B53D930082E7F8 /* SceneDelegate.swift in Sources */,
				8DDB4DA025B53D930082E7F8 /* CoreStoreExample.xcdatamodeld in Sources */,
			);
			runOnlyForDeploymentPostprocessing = 0;
		};
/* End PBXSourcesBuildPhase section */

/* Begin PBXVariantGroup section */
		8DDB4D9B25B53D930082E7F8 /* Main.storyboard */ = {
			isa = PBXVariantGroup;
			children = (
				8DDB4D9C25B53D930082E7F8 /* Base */,
			);
			name = Main.storyboard;
			sourceTree = "<group>";
		};
		8DDB4DA325B53D960082E7F8 /* LaunchScreen.storyboard */ = {
			isa = PBXVariantGroup;
			children = (
				8DDB4DA425B53D960082E7F8 /* Base */,
			);
			name = LaunchScreen.storyboard;
			sourceTree = "<group>";
		};
/* End PBXVariantGroup section */

/* Begin XCBuildConfiguration section */
		8DDB4DA725B53D960082E7F8 /* Debug */ = {
			isa = XCBuildConfiguration;
			buildSettings = {
				ALWAYS_SEARCH_USER_PATHS = NO;
				CLANG_ANALYZER_NONNULL = YES;
				CLANG_ANALYZER_NUMBER_OBJECT_CONVERSION = YES_AGGRESSIVE;
				CLANG_CXX_LANGUAGE_STANDARD = "gnu++14";
				CLANG_CXX_LIBRARY = "libc++";
				CLANG_ENABLE_MODULES = YES;
				CLANG_ENABLE_OBJC_ARC = YES;
				CLANG_ENABLE_OBJC_WEAK = YES;
				CLANG_WARN_BLOCK_CAPTURE_AUTORELEASING = YES;
				CLANG_WARN_BOOL_CONVERSION = YES;
				CLANG_WARN_COMMA = YES;
				CLANG_WARN_CONSTANT_CONVERSION = YES;
				CLANG_WARN_DEPRECATED_OBJC_IMPLEMENTATIONS = YES;
				CLANG_WARN_DIRECT_OBJC_ISA_USAGE = YES_ERROR;
				CLANG_WARN_DOCUMENTATION_COMMENTS = YES;
				CLANG_WARN_EMPTY_BODY = YES;
				CLANG_WARN_ENUM_CONVERSION = YES;
				CLANG_WARN_INFINITE_RECURSION = YES;
				CLANG_WARN_INT_CONVERSION = YES;
				CLANG_WARN_NON_LITERAL_NULL_CONVERSION = YES;
				CLANG_WARN_OBJC_IMPLICIT_RETAIN_SELF = YES;
				CLANG_WARN_OBJC_LITERAL_CONVERSION = YES;
				CLANG_WARN_OBJC_ROOT_CLASS = YES_ERROR;
				CLANG_WARN_QUOTED_INCLUDE_IN_FRAMEWORK_HEADER = YES;
				CLANG_WARN_RANGE_LOOP_ANALYSIS = YES;
				CLANG_WARN_STRICT_PROTOTYPES = YES;
				CLANG_WARN_SUSPICIOUS_MOVE = YES;
				CLANG_WARN_UNGUARDED_AVAILABILITY = YES_AGGRESSIVE;
				CLANG_WARN_UNREACHABLE_CODE = YES;
				CLANG_WARN__DUPLICATE_METHOD_MATCH = YES;
				COPY_PHASE_STRIP = NO;
				DEBUG_INFORMATION_FORMAT = dwarf;
				ENABLE_STRICT_OBJC_MSGSEND = YES;
				ENABLE_TESTABILITY = YES;
				GCC_C_LANGUAGE_STANDARD = gnu11;
				GCC_DYNAMIC_NO_PIC = NO;
				GCC_NO_COMMON_BLOCKS = YES;
				GCC_OPTIMIZATION_LEVEL = 0;
				GCC_PREPROCESSOR_DEFINITIONS = (
					"DEBUG=1",
					"$(inherited)",
				);
				GCC_WARN_64_TO_32_BIT_CONVERSION = YES;
				GCC_WARN_ABOUT_RETURN_TYPE = YES_ERROR;
				GCC_WARN_UNDECLARED_SELECTOR = YES;
				GCC_WARN_UNINITIALIZED_AUTOS = YES_AGGRESSIVE;
				GCC_WARN_UNUSED_FUNCTION = YES;
				GCC_WARN_UNUSED_VARIABLE = YES;
				IPHONEOS_DEPLOYMENT_TARGET = 14.0;
				MTL_ENABLE_DEBUG_INFO = INCLUDE_SOURCE;
				MTL_FAST_MATH = YES;
				ONLY_ACTIVE_ARCH = YES;
				SDKROOT = iphoneos;
				SWIFT_ACTIVE_COMPILATION_CONDITIONS = DEBUG;
				SWIFT_OPTIMIZATION_LEVEL = "-Onone";
			};
			name = Debug;
		};
		8DDB4DA825B53D960082E7F8 /* Release */ = {
			isa = XCBuildConfiguration;
			buildSettings = {
				ALWAYS_SEARCH_USER_PATHS = NO;
				CLANG_ANALYZER_NONNULL = YES;
				CLANG_ANALYZER_NUMBER_OBJECT_CONVERSION = YES_AGGRESSIVE;
				CLANG_CXX_LANGUAGE_STANDARD = "gnu++14";
				CLANG_CXX_LIBRARY = "libc++";
				CLANG_ENABLE_MODULES = YES;
				CLANG_ENABLE_OBJC_ARC = YES;
				CLANG_ENABLE_OBJC_WEAK = YES;
				CLANG_WARN_BLOCK_CAPTURE_AUTORELEASING = YES;
				CLANG_WARN_BOOL_CONVERSION = YES;
				CLANG_WARN_COMMA = YES;
				CLANG_WARN_CONSTANT_CONVERSION = YES;
				CLANG_WARN_DEPRECATED_OBJC_IMPLEMENTATIONS = YES;
				CLANG_WARN_DIRECT_OBJC_ISA_USAGE = YES_ERROR;
				CLANG_WARN_DOCUMENTATION_COMMENTS = YES;
				CLANG_WARN_EMPTY_BODY = YES;
				CLANG_WARN_ENUM_CONVERSION = YES;
				CLANG_WARN_INFINITE_RECURSION = YES;
				CLANG_WARN_INT_CONVERSION = YES;
				CLANG_WARN_NON_LITERAL_NULL_CONVERSION = YES;
				CLANG_WARN_OBJC_IMPLICIT_RETAIN_SELF = YES;
				CLANG_WARN_OBJC_LITERAL_CONVERSION = YES;
				CLANG_WARN_OBJC_ROOT_CLASS = YES_ERROR;
				CLANG_WARN_QUOTED_INCLUDE_IN_FRAMEWORK_HEADER = YES;
				CLANG_WARN_RANGE_LOOP_ANALYSIS = YES;
				CLANG_WARN_STRICT_PROTOTYPES = YES;
				CLANG_WARN_SUSPICIOUS_MOVE = YES;
				CLANG_WARN_UNGUARDED_AVAILABILITY = YES_AGGRESSIVE;
				CLANG_WARN_UNREACHABLE_CODE = YES;
				CLANG_WARN__DUPLICATE_METHOD_MATCH = YES;
				COPY_PHASE_STRIP = NO;
				DEBUG_INFORMATION_FORMAT = "dwarf-with-dsym";
				ENABLE_NS_ASSERTIONS = NO;
				ENABLE_STRICT_OBJC_MSGSEND = YES;
				GCC_C_LANGUAGE_STANDARD = gnu11;
				GCC_NO_COMMON_BLOCKS = YES;
				GCC_WARN_64_TO_32_BIT_CONVERSION = YES;
				GCC_WARN_ABOUT_RETURN_TYPE = YES_ERROR;
				GCC_WARN_UNDECLARED_SELECTOR = YES;
				GCC_WARN_UNINITIALIZED_AUTOS = YES_AGGRESSIVE;
				GCC_WARN_UNUSED_FUNCTION = YES;
				GCC_WARN_UNUSED_VARIABLE = YES;
				IPHONEOS_DEPLOYMENT_TARGET = 14.0;
				MTL_ENABLE_DEBUG_INFO = NO;
				MTL_FAST_MATH = YES;
				SDKROOT = iphoneos;
				SWIFT_COMPILATION_MODE = wholemodule;
				SWIFT_OPTIMIZATION_LEVEL = "-O";
				VALIDATE_PRODUCT = YES;
			};
			name = Release;
		};
		8DDB4DAA25B53D960082E7F8 /* Debug */ = {
			isa = XCBuildConfiguration;
			baseConfigurationReference = 14EA4902778DE1C3A530EE68 /* Pods-CoreStoreExample.debug.xcconfig */;
			buildSettings = {
				ASSETCATALOG_COMPILER_APPICON_NAME = AppIcon;
				ASSETCATALOG_COMPILER_GLOBAL_ACCENT_COLOR_NAME = AccentColor;
				CODE_SIGN_STYLE = Automatic;
				INFOPLIST_FILE = CoreStoreExample/Info.plist;
				LD_RUNPATH_SEARCH_PATHS = (
					"$(inherited)",
					"@executable_path/Frameworks",
				);
				PRODUCT_BUNDLE_IDENTIFIER = com.mori.CoreStoreExample;
				PRODUCT_NAME = "$(TARGET_NAME)";
				SWIFT_VERSION = 5.0;
				TARGETED_DEVICE_FAMILY = "1,2";
			};
			name = Debug;
		};
		8DDB4DAB25B53D960082E7F8 /* Release */ = {
			isa = XCBuildConfiguration;
			baseConfigurationReference = 30255602AEE0BE36A517E045 /* Pods-CoreStoreExample.release.xcconfig */;
			buildSettings = {
				ASSETCATALOG_COMPILER_APPICON_NAME = AppIcon;
				ASSETCATALOG_COMPILER_GLOBAL_ACCENT_COLOR_NAME = AccentColor;
				CODE_SIGN_STYLE = Automatic;
				INFOPLIST_FILE = CoreStoreExample/Info.plist;
				LD_RUNPATH_SEARCH_PATHS = (
					"$(inherited)",
					"@executable_path/Frameworks",
				);
				PRODUCT_BUNDLE_IDENTIFIER = com.mori.CoreStoreExample;
				PRODUCT_NAME = "$(TARGET_NAME)";
				SWIFT_VERSION = 5.0;
				TARGETED_DEVICE_FAMILY = "1,2";
			};
			name = Release;
		};
/* End XCBuildConfiguration section */

/* Begin XCConfigurationList section */
		8DDB4D8D25B53D930082E7F8 /* Build configuration list for PBXProject "CoreStoreExample" */ = {
			isa = XCConfigurationList;
			buildConfigurations = (
				8DDB4DA725B53D960082E7F8 /* Debug */,
				8DDB4DA825B53D960082E7F8 /* Release */,
			);
			defaultConfigurationIsVisible = 0;
			defaultConfigurationName = Release;
		};
		8DDB4DA925B53D960082E7F8 /* Build configuration list for PBXNativeTarget "CoreStoreExample" */ = {
			isa = XCConfigurationList;
			buildConfigurations = (
				8DDB4DAA25B53D960082E7F8 /* Debug */,
				8DDB4DAB25B53D960082E7F8 /* Release */,
			);
			defaultConfigurationIsVisible = 0;
			defaultConfigurationName = Release;
		};
/* End XCConfigurationList section */

/* Begin XCVersionGroup section */
		8DDB4D9E25B53D930082E7F8 /* CoreStoreExample.xcdatamodeld */ = {
			isa = XCVersionGroup;
			children = (
				8DDB4D9F25B53D930082E7F8 /* CoreStoreExample.xcdatamodel */,
			);
			currentVersion = 8DDB4D9F25B53D930082E7F8 /* CoreStoreExample.xcdatamodel */;
			path = CoreStoreExample.xcdatamodeld;
			sourceTree = "<group>";
			versionGroupType = wrapper.xcdatamodel;
		};
/* End XCVersionGroup section */
	};
	rootObject = 8DDB4D8A25B53D930082E7F8 /* Project object */;
}
